
Microsoft Visual Studio Solution File, Format Version 12.00
# Visual Studio Version 16
VisualStudioVersion = 16.0.31613.86
MinimumVisualStudioVersion = 10.0.40219.1
Project("{FAE04EC0-301F-11D3-BF4B-00C04F79EFBC}") = "ArbolesConPeso", "ArbolesConPeso\ArbolesConPeso.csproj", "{49FCA158-6044-416A-9D62-D4ABEA2FFD06}"
EndProject
Global
	GlobalSection(SolutionConfigurationPlatforms) = preSolution
		Debug|Any CPU = Debug|Any CPU
		Release|Any CPU = Release|Any CPU
	EndGlobalSection
	GlobalSection(ProjectConfigurationPlatforms) = postSolution
		{49FCA158-6044-416A-9D62-D4ABEA2FFD06}.Debug|Any CPU.ActiveCfg = Debug|Any CPU
		{49FCA158-6044-416A-9D62-D4ABEA2FFD06}.Debug|Any CPU.Build.0 = Debug|Any CPU
		{49FCA158-6044-416A-9D62-D4ABEA2FFD06}.Release|Any CPU.ActiveCfg = Release|Any CPU
		{49FCA158-6044-416A-9D62-D4ABEA2FFD06}.Release|Any CPU.Build.0 = Release|Any CPU
	EndGlobalSection
	GlobalSection(SolutionProperties) = preSolution
		HideSolutionNode = FALSE
	EndGlobalSection
	GlobalSection(ExtensibilityGlobals) = postSolution
		SolutionGuid = {354E223C-973C-4FEE-BDC3-57BB92D6BC9D}
	EndGlobalSection
EndGlobal
